// !$*UTF8*$!
{
	archiveVersion = 1;
	classes = {
	};
	objectVersion = 50;
	objects = {

/* Begin PBXBuildFile section */
		4F7B0154563367991E0719CF /* Pods_Weather_App.framework in Frameworks */ = {isa = PBXBuildFile; fileRef = D5ADAAA867414F6D55B79463 /* Pods_Weather_App.framework */; };
		50A9ED972689A38100F321F1 /* AppDelegate.swift in Sources */ = {isa = PBXBuildFile; fileRef = 50A9ED962689A38100F321F1 /* AppDelegate.swift */; };
		50A9ED992689A38100F321F1 /* SceneDelegate.swift in Sources */ = {isa = PBXBuildFile; fileRef = 50A9ED982689A38100F321F1 /* SceneDelegate.swift */; };
		50A9ED9B2689A38100F321F1 /* ViewController.swift in Sources */ = {isa = PBXBuildFile; fileRef = 50A9ED9A2689A38100F321F1 /* ViewController.swift */; };
		50A9ED9E2689A38100F321F1 /* Main.storyboard in Resources */ = {isa = PBXBuildFile; fileRef = 50A9ED9C2689A38100F321F1 /* Main.storyboard */; };
		50A9EDA02689A38500F321F1 /* Assets.xcassets in Resources */ = {isa = PBXBuildFile; fileRef = 50A9ED9F2689A38500F321F1 /* Assets.xcassets */; };
		50A9EDA32689A38500F321F1 /* LaunchScreen.storyboard in Resources */ = {isa = PBXBuildFile; fileRef = 50A9EDA12689A38500F321F1 /* LaunchScreen.storyboard */; };
		50A9EDAE2689A38500F321F1 /* Weather_AppTests.swift in Sources */ = {isa = PBXBuildFile; fileRef = 50A9EDAD2689A38500F321F1 /* Weather_AppTests.swift */; };
		50A9EDB92689A38500F321F1 /* Weather_AppUITests.swift in Sources */ = {isa = PBXBuildFile; fileRef = 50A9EDB82689A38500F321F1 /* Weather_AppUITests.swift */; };
		6D43894357E097E0A04BA483 /* Pods_Weather_App_Weather_AppUITests.framework in Frameworks */ = {isa = PBXBuildFile; fileRef = 902B514816978EAFFEF821ED /* Pods_Weather_App_Weather_AppUITests.framework */; };
		CF85ED3505EA4509F6A2B4DC /* Pods_Weather_AppTests.framework in Frameworks */ = {isa = PBXBuildFile; fileRef = E9EA4AF54F6BBFED8FF9BCDA /* Pods_Weather_AppTests.framework */; };
/* End PBXBuildFile section */

/* Begin PBXContainerItemProxy section */
		50A9EDAA2689A38500F321F1 /* PBXContainerItemProxy */ = {
			isa = PBXContainerItemProxy;
			containerPortal = 50A9ED8B2689A38100F321F1 /* Project object */;
			proxyType = 1;
			remoteGlobalIDString = 50A9ED922689A38100F321F1;
			remoteInfo = "Weather-App";
		};
		50A9EDB52689A38500F321F1 /* PBXContainerItemProxy */ = {
			isa = PBXContainerItemProxy;
			containerPortal = 50A9ED8B2689A38100F321F1 /* Project object */;
			proxyType = 1;
			remoteGlobalIDString = 50A9ED922689A38100F321F1;
			remoteInfo = "Weather-App";
		};
/* End PBXContainerItemProxy section */

/* Begin PBXFileReference section */
		033B1951111D5A78EE9BD998 /* Pods-Weather-App-Weather-AppUITests.debug.xcconfig */ = {isa = PBXFileReference; includeInIndex = 1; lastKnownFileType = text.xcconfig; name = "Pods-Weather-App-Weather-AppUITests.debug.xcconfig"; path = "Target Support Files/Pods-Weather-App-Weather-AppUITests/Pods-Weather-App-Weather-AppUITests.debug.xcconfig"; sourceTree = "<group>"; };
		198C4F9407B547AA59C17A0C /* Pods-Weather-App.release.xcconfig */ = {isa = PBXFileReference; includeInIndex = 1; lastKnownFileType = text.xcconfig; name = "Pods-Weather-App.release.xcconfig"; path = "Target Support Files/Pods-Weather-App/Pods-Weather-App.release.xcconfig"; sourceTree = "<group>"; };
		41A20675B2106E04E6B6BAF7 /* Pods-Weather-AppTests.debug.xcconfig */ = {isa = PBXFileReference; includeInIndex = 1; lastKnownFileType = text.xcconfig; name = "Pods-Weather-AppTests.debug.xcconfig"; path = "Target Support Files/Pods-Weather-AppTests/Pods-Weather-AppTests.debug.xcconfig"; sourceTree = "<group>"; };
		47B22BC1A423A815106D4B9A /* Pods-Weather-App-Weather-AppUITests.release.xcconfig */ = {isa = PBXFileReference; includeInIndex = 1; lastKnownFileType = text.xcconfig; name = "Pods-Weather-App-Weather-AppUITests.release.xcconfig"; path = "Target Support Files/Pods-Weather-App-Weather-AppUITests/Pods-Weather-App-Weather-AppUITests.release.xcconfig"; sourceTree = "<group>"; };
		50A9ED932689A38100F321F1 /* Weather-App.app */ = {isa = PBXFileReference; explicitFileType = wrapper.application; includeInIndex = 0; path = "Weather-App.app"; sourceTree = BUILT_PRODUCTS_DIR; };
		50A9ED962689A38100F321F1 /* AppDelegate.swift */ = {isa = PBXFileReference; lastKnownFileType = sourcecode.swift; path = AppDelegate.swift; sourceTree = "<group>"; };
		50A9ED982689A38100F321F1 /* SceneDelegate.swift */ = {isa = PBXFileReference; lastKnownFileType = sourcecode.swift; path = SceneDelegate.swift; sourceTree = "<group>"; };
		50A9ED9A2689A38100F321F1 /* ViewController.swift */ = {isa = PBXFileReference; lastKnownFileType = sourcecode.swift; path = ViewController.swift; sourceTree = "<group>"; };
		50A9ED9D2689A38100F321F1 /* Base */ = {isa = PBXFileReference; lastKnownFileType = file.storyboard; name = Base; path = Base.lproj/Main.storyboard; sourceTree = "<group>"; };
		50A9ED9F2689A38500F321F1 /* Assets.xcassets */ = {isa = PBXFileReference; lastKnownFileType = folder.assetcatalog; path = Assets.xcassets; sourceTree = "<group>"; };
		50A9EDA22689A38500F321F1 /* Base */ = {isa = PBXFileReference; lastKnownFileType = file.storyboard; name = Base; path = Base.lproj/LaunchScreen.storyboard; sourceTree = "<group>"; };
		50A9EDA42689A38500F321F1 /* Info.plist */ = {isa = PBXFileReference; lastKnownFileType = text.plist.xml; path = Info.plist; sourceTree = "<group>"; };
		50A9EDA92689A38500F321F1 /* Weather-AppTests.xctest */ = {isa = PBXFileReference; explicitFileType = wrapper.cfbundle; includeInIndex = 0; path = "Weather-AppTests.xctest"; sourceTree = BUILT_PRODUCTS_DIR; };
		50A9EDAD2689A38500F321F1 /* Weather_AppTests.swift */ = {isa = PBXFileReference; lastKnownFileType = sourcecode.swift; path = Weather_AppTests.swift; sourceTree = "<group>"; };
		50A9EDAF2689A38500F321F1 /* Info.plist */ = {isa = PBXFileReference; lastKnownFileType = text.plist.xml; path = Info.plist; sourceTree = "<group>"; };
		50A9EDB42689A38500F321F1 /* Weather-AppUITests.xctest */ = {isa = PBXFileReference; explicitFileType = wrapper.cfbundle; includeInIndex = 0; path = "Weather-AppUITests.xctest"; sourceTree = BUILT_PRODUCTS_DIR; };
		50A9EDB82689A38500F321F1 /* Weather_AppUITests.swift */ = {isa = PBXFileReference; lastKnownFileType = sourcecode.swift; path = Weather_AppUITests.swift; sourceTree = "<group>"; };
		50A9EDBA2689A38500F321F1 /* Info.plist */ = {isa = PBXFileReference; lastKnownFileType = text.plist.xml; path = Info.plist; sourceTree = "<group>"; };
		902B514816978EAFFEF821ED /* Pods_Weather_App_Weather_AppUITests.framework */ = {isa = PBXFileReference; explicitFileType = wrapper.framework; includeInIndex = 0; path = Pods_Weather_App_Weather_AppUITests.framework; sourceTree = BUILT_PRODUCTS_DIR; };
		980F5BC50155CE793CE1627D /* Pods-Weather-AppTests.release.xcconfig */ = {isa = PBXFileReference; includeInIndex = 1; lastKnownFileType = text.xcconfig; name = "Pods-Weather-AppTests.release.xcconfig"; path = "Target Support Files/Pods-Weather-AppTests/Pods-Weather-AppTests.release.xcconfig"; sourceTree = "<group>"; };
		CE57D71A1129EA5CC1A61DEF /* Pods-Weather-App.debug.xcconfig */ = {isa = PBXFileReference; includeInIndex = 1; lastKnownFileType = text.xcconfig; name = "Pods-Weather-App.debug.xcconfig"; path = "Target Support Files/Pods-Weather-App/Pods-Weather-App.debug.xcconfig"; sourceTree = "<group>"; };
		D5ADAAA867414F6D55B79463 /* Pods_Weather_App.framework */ = {isa = PBXFileReference; explicitFileType = wrapper.framework; includeInIndex = 0; path = Pods_Weather_App.framework; sourceTree = BUILT_PRODUCTS_DIR; };
		E9EA4AF54F6BBFED8FF9BCDA /* Pods_Weather_AppTests.framework */ = {isa = PBXFileReference; explicitFileType = wrapper.framework; includeInIndex = 0; path = Pods_Weather_AppTests.framework; sourceTree = BUILT_PRODUCTS_DIR; };
/* End PBXFileReference section */

/* Begin PBXFrameworksBuildPhase section */
		50A9ED902689A38100F321F1 /* Frameworks */ = {
			isa = PBXFrameworksBuildPhase;
			buildActionMask = 2147483647;
			files = (
				4F7B0154563367991E0719CF /* Pods_Weather_App.framework in Frameworks */,
			);
			runOnlyForDeploymentPostprocessing = 0;
		};
		50A9EDA62689A38500F321F1 /* Frameworks */ = {
			isa = PBXFrameworksBuildPhase;
			buildActionMask = 2147483647;
			files = (
				CF85ED3505EA4509F6A2B4DC /* Pods_Weather_AppTests.framework in Frameworks */,
			);
			runOnlyForDeploymentPostprocessing = 0;
		};
		50A9EDB12689A38500F321F1 /* Frameworks */ = {
			isa = PBXFrameworksBuildPhase;
			buildActionMask = 2147483647;
			files = (
				6D43894357E097E0A04BA483 /* Pods_Weather_App_Weather_AppUITests.framework in Frameworks */,
			);
			runOnlyForDeploymentPostprocessing = 0;
		};
/* End PBXFrameworksBuildPhase section */

/* Begin PBXGroup section */
		40E8145A7CAEE6473CD3953B /* Pods */ = {
			isa = PBXGroup;
			children = (
				CE57D71A1129EA5CC1A61DEF /* Pods-Weather-App.debug.xcconfig */,
				198C4F9407B547AA59C17A0C /* Pods-Weather-App.release.xcconfig */,
				033B1951111D5A78EE9BD998 /* Pods-Weather-App-Weather-AppUITests.debug.xcconfig */,
				47B22BC1A423A815106D4B9A /* Pods-Weather-App-Weather-AppUITests.release.xcconfig */,
				41A20675B2106E04E6B6BAF7 /* Pods-Weather-AppTests.debug.xcconfig */,
				980F5BC50155CE793CE1627D /* Pods-Weather-AppTests.release.xcconfig */,
			);
			name = Pods;
			path = Pods;
			sourceTree = "<group>";
		};
		50A9ED8A2689A38100F321F1 = {
			isa = PBXGroup;
			children = (
				50A9ED952689A38100F321F1 /* Weather-App */,
				50A9EDAC2689A38500F321F1 /* Weather-AppTests */,
				50A9EDB72689A38500F321F1 /* Weather-AppUITests */,
				50A9ED942689A38100F321F1 /* Products */,
				40E8145A7CAEE6473CD3953B /* Pods */,
				98D82394B9CF5FCFE7DD0CD9 /* Frameworks */,
			);
			sourceTree = "<group>";
		};
		50A9ED942689A38100F321F1 /* Products */ = {
			isa = PBXGroup;
			children = (
				50A9ED932689A38100F321F1 /* Weather-App.app */,
				50A9EDA92689A38500F321F1 /* Weather-AppTests.xctest */,
				50A9EDB42689A38500F321F1 /* Weather-AppUITests.xctest */,
			);
			name = Products;
			sourceTree = "<group>";
		};
		50A9ED952689A38100F321F1 /* Weather-App */ = {
			isa = PBXGroup;
			children = (
				50A9ED962689A38100F321F1 /* AppDelegate.swift */,
				50A9ED982689A38100F321F1 /* SceneDelegate.swift */,
				50A9ED9A2689A38100F321F1 /* ViewController.swift */,
				50A9ED9C2689A38100F321F1 /* Main.storyboard */,
				50A9ED9F2689A38500F321F1 /* Assets.xcassets */,
				50A9EDA12689A38500F321F1 /* LaunchScreen.storyboard */,
				50A9EDA42689A38500F321F1 /* Info.plist */,
			);
			path = "Weather-App";
			sourceTree = "<group>";
		};
		50A9EDAC2689A38500F321F1 /* Weather-AppTests */ = {
			isa = PBXGroup;
			children = (
				50A9EDAD2689A38500F321F1 /* Weather_AppTests.swift */,
				50A9EDAF2689A38500F321F1 /* Info.plist */,
			);
			path = "Weather-AppTests";
			sourceTree = "<group>";
		};
		50A9EDB72689A38500F321F1 /* Weather-AppUITests */ = {
			isa = PBXGroup;
			children = (
				50A9EDB82689A38500F321F1 /* Weather_AppUITests.swift */,
				50A9EDBA2689A38500F321F1 /* Info.plist */,
			);
			path = "Weather-AppUITests";
			sourceTree = "<group>";
		};
		98D82394B9CF5FCFE7DD0CD9 /* Frameworks */ = {
			isa = PBXGroup;
			children = (
				D5ADAAA867414F6D55B79463 /* Pods_Weather_App.framework */,
				902B514816978EAFFEF821ED /* Pods_Weather_App_Weather_AppUITests.framework */,
				E9EA4AF54F6BBFED8FF9BCDA /* Pods_Weather_AppTests.framework */,
			);
			name = Frameworks;
			sourceTree = "<group>";
		};
/* End PBXGroup section */

/* Begin PBXNativeTarget section */
		50A9ED922689A38100F321F1 /* Weather-App */ = {
			isa = PBXNativeTarget;
			buildConfigurationList = 50A9EDBD2689A38500F321F1 /* Build configuration list for PBXNativeTarget "Weather-App" */;
			buildPhases = (
				2C6D48EFB8D66492853E947D /* [CP] Check Pods Manifest.lock */,
				50A9ED8F2689A38100F321F1 /* Sources */,
				50A9ED902689A38100F321F1 /* Frameworks */,
				50A9ED912689A38100F321F1 /* Resources */,
				7C634C1AEB3EE59EDBAD2638 /* [CP] Embed Pods Frameworks */,
			);
			buildRules = (
			);
			dependencies = (
			);
			name = "Weather-App";
			productName = "Weather-App";
			productReference = 50A9ED932689A38100F321F1 /* Weather-App.app */;
			productType = "com.apple.product-type.application";
		};
		50A9EDA82689A38500F321F1 /* Weather-AppTests */ = {
			isa = PBXNativeTarget;
			buildConfigurationList = 50A9EDC02689A38500F321F1 /* Build configuration list for PBXNativeTarget "Weather-AppTests" */;
			buildPhases = (
				9C92CDD7386B1771D522E9F1 /* [CP] Check Pods Manifest.lock */,
				50A9EDA52689A38500F321F1 /* Sources */,
				50A9EDA62689A38500F321F1 /* Frameworks */,
				50A9EDA72689A38500F321F1 /* Resources */,
			);
			buildRules = (
			);
			dependencies = (
				50A9EDAB2689A38500F321F1 /* PBXTargetDependency */,
			);
			name = "Weather-AppTests";
			productName = "Weather-AppTests";
			productReference = 50A9EDA92689A38500F321F1 /* Weather-AppTests.xctest */;
			productType = "com.apple.product-type.bundle.unit-test";
		};
		50A9EDB32689A38500F321F1 /* Weather-AppUITests */ = {
			isa = PBXNativeTarget;
			buildConfigurationList = 50A9EDC32689A38500F321F1 /* Build configuration list for PBXNativeTarget "Weather-AppUITests" */;
			buildPhases = (
				6C3BA098B83A02B80BBE1FF1 /* [CP] Check Pods Manifest.lock */,
				50A9EDB02689A38500F321F1 /* Sources */,
				50A9EDB12689A38500F321F1 /* Frameworks */,
				50A9EDB22689A38500F321F1 /* Resources */,
				3F804FBA9723C9D06FBC5CD5 /* [CP] Embed Pods Frameworks */,
			);
			buildRules = (
			);
			dependencies = (
				50A9EDB62689A38500F321F1 /* PBXTargetDependency */,
			);
			name = "Weather-AppUITests";
			productName = "Weather-AppUITests";
			productReference = 50A9EDB42689A38500F321F1 /* Weather-AppUITests.xctest */;
			productType = "com.apple.product-type.bundle.ui-testing";
		};
/* End PBXNativeTarget section */

/* Begin PBXProject section */
		50A9ED8B2689A38100F321F1 /* Project object */ = {
			isa = PBXProject;
			attributes = {
				LastSwiftUpdateCheck = 1250;
				LastUpgradeCheck = 1250;
				TargetAttributes = {
					50A9ED922689A38100F321F1 = {
						CreatedOnToolsVersion = 12.5;
					};
					50A9EDA82689A38500F321F1 = {
						CreatedOnToolsVersion = 12.5;
						TestTargetID = 50A9ED922689A38100F321F1;
					};
					50A9EDB32689A38500F321F1 = {
						CreatedOnToolsVersion = 12.5;
						TestTargetID = 50A9ED922689A38100F321F1;
					};
				};
			};
			buildConfigurationList = 50A9ED8E2689A38100F321F1 /* Build configuration list for PBXProject "Weather-App" */;
			compatibilityVersion = "Xcode 9.3";
			developmentRegion = en;
			hasScannedForEncodings = 0;
			knownRegions = (
				en,
				Base,
			);
			mainGroup = 50A9ED8A2689A38100F321F1;
			productRefGroup = 50A9ED942689A38100F321F1 /* Products */;
			projectDirPath = "";
			projectRoot = "";
			targets = (
				50A9ED922689A38100F321F1 /* Weather-App */,
				50A9EDA82689A38500F321F1 /* Weather-AppTests */,
				50A9EDB32689A38500F321F1 /* Weather-AppUITests */,
			);
		};
/* End PBXProject section */

/* Begin PBXResourcesBuildPhase section */
		50A9ED912689A38100F321F1 /* Resources */ = {
			isa = PBXResourcesBuildPhase;
			buildActionMask = 2147483647;
			files = (
				50A9EDA32689A38500F321F1 /* LaunchScreen.storyboard in Resources */,
				50A9EDA02689A38500F321F1 /* Assets.xcassets in Resources */,
				50A9ED9E2689A38100F321F1 /* Main.storyboard in Resources */,
			);
			runOnlyForDeploymentPostprocessing = 0;
		};
		50A9EDA72689A38500F321F1 /* Resources */ = {
			isa = PBXResourcesBuildPhase;
			buildActionMask = 2147483647;
			files = (
			);
			runOnlyForDeploymentPostprocessing = 0;
		};
		50A9EDB22689A38500F321F1 /* Resources */ = {
			isa = PBXResourcesBuildPhase;
			buildActionMask = 2147483647;
			files = (
			);
			runOnlyForDeploymentPostprocessing = 0;
		};
/* End PBXResourcesBuildPhase section */

/* Begin PBXShellScriptBuildPhase section */
		2C6D48EFB8D66492853E947D /* [CP] Check Pods Manifest.lock */ = {
			isa = PBXShellScriptBuildPhase;
			buildActionMask = 2147483647;
			files = (
			);
			inputFileListPaths = (
			);
			inputPaths = (
				"${PODS_PODFILE_DIR_PATH}/Podfile.lock",
				"${PODS_ROOT}/Manifest.lock",
			);
			name = "[CP] Check Pods Manifest.lock";
			outputFileListPaths = (
			);
			outputPaths = (
				"$(DERIVED_FILE_DIR)/Pods-Weather-App-checkManifestLockResult.txt",
			);
			runOnlyForDeploymentPostprocessing = 0;
			shellPath = /bin/sh;
			shellScript = "diff \"${PODS_PODFILE_DIR_PATH}/Podfile.lock\" \"${PODS_ROOT}/Manifest.lock\" > /dev/null\nif [ $? != 0 ] ; then\n    # print error to STDERR\n    echo \"error: The sandbox is not in sync with the Podfile.lock. Run 'pod install' or update your CocoaPods installation.\" >&2\n    exit 1\nfi\n# This output is used by Xcode 'outputs' to avoid re-running this script phase.\necho \"SUCCESS\" > \"${SCRIPT_OUTPUT_FILE_0}\"\n";
			showEnvVarsInLog = 0;
		};
		3F804FBA9723C9D06FBC5CD5 /* [CP] Embed Pods Frameworks */ = {
			isa = PBXShellScriptBuildPhase;
			buildActionMask = 2147483647;
			files = (
			);
			inputFileListPaths = (
				"${PODS_ROOT}/Target Support Files/Pods-Weather-App-Weather-AppUITests/Pods-Weather-App-Weather-AppUITests-frameworks-${CONFIGURATION}-input-files.xcfilelist",
			);
			name = "[CP] Embed Pods Frameworks";
			outputFileListPaths = (
				"${PODS_ROOT}/Target Support Files/Pods-Weather-App-Weather-AppUITests/Pods-Weather-App-Weather-AppUITests-frameworks-${CONFIGURATION}-output-files.xcfilelist",
			);
			runOnlyForDeploymentPostprocessing = 0;
			shellPath = /bin/sh;
			shellScript = "\"${PODS_ROOT}/Target Support Files/Pods-Weather-App-Weather-AppUITests/Pods-Weather-App-Weather-AppUITests-frameworks.sh\"\n";
			showEnvVarsInLog = 0;
		};
		6C3BA098B83A02B80BBE1FF1 /* [CP] Check Pods Manifest.lock */ = {
			isa = PBXShellScriptBuildPhase;
			buildActionMask = 2147483647;
			files = (
			);
			inputFileListPaths = (
			);
			inputPaths = (
				"${PODS_PODFILE_DIR_PATH}/Podfile.lock",
				"${PODS_ROOT}/Manifest.lock",
			);
			name = "[CP] Check Pods Manifest.lock";
			outputFileListPaths = (
			);
			outputPaths = (
				"$(DERIVED_FILE_DIR)/Pods-Weather-App-Weather-AppUITests-checkManifestLockResult.txt",
			);
			runOnlyForDeploymentPostprocessing = 0;
			shellPath = /bin/sh;
			shellScript = "diff \"${PODS_PODFILE_DIR_PATH}/Podfile.lock\" \"${PODS_ROOT}/Manifest.lock\" > /dev/null\nif [ $? != 0 ] ; then\n    # print error to STDERR\n    echo \"error: The sandbox is not in sync with the Podfile.lock. Run 'pod install' or update your CocoaPods installation.\" >&2\n    exit 1\nfi\n# This output is used by Xcode 'outputs' to avoid re-running this script phase.\necho \"SUCCESS\" > \"${SCRIPT_OUTPUT_FILE_0}\"\n";
			showEnvVarsInLog = 0;
		};
		7C634C1AEB3EE59EDBAD2638 /* [CP] Embed Pods Frameworks */ = {
			isa = PBXShellScriptBuildPhase;
			buildActionMask = 2147483647;
			files = (
			);
			inputFileListPaths = (
				"${PODS_ROOT}/Target Support Files/Pods-Weather-App/Pods-Weather-App-frameworks-${CONFIGURATION}-input-files.xcfilelist",
			);
			name = "[CP] Embed Pods Frameworks";
			outputFileListPaths = (
				"${PODS_ROOT}/Target Support Files/Pods-Weather-App/Pods-Weather-App-frameworks-${CONFIGURATION}-output-files.xcfilelist",
			);
			runOnlyForDeploymentPostprocessing = 0;
			shellPath = /bin/sh;
			shellScript = "\"${PODS_ROOT}/Target Support Files/Pods-Weather-App/Pods-Weather-App-frameworks.sh\"\n";
			showEnvVarsInLog = 0;
		};
		9C92CDD7386B1771D522E9F1 /* [CP] Check Pods Manifest.lock */ = {
			isa = PBXShellScriptBuildPhase;
			buildActionMask = 2147483647;
			files = (
			);
			inputFileListPaths = (
			);
			inputPaths = (
				"${PODS_PODFILE_DIR_PATH}/Podfile.lock",
				"${PODS_ROOT}/Manifest.lock",
			);
			name = "[CP] Check Pods Manifest.lock";
			outputFileListPaths = (
			);
			outputPaths = (
				"$(DERIVED_FILE_DIR)/Pods-Weather-AppTests-checkManifestLockResult.txt",
			);
			runOnlyForDeploymentPostprocessing = 0;
			shellPath = /bin/sh;
			shellScript = "diff \"${PODS_PODFILE_DIR_PATH}/Podfile.lock\" \"${PODS_ROOT}/Manifest.lock\" > /dev/null\nif [ $? != 0 ] ; then\n    # print error to STDERR\n    echo \"error: The sandbox is not in sync with the Podfile.lock. Run 'pod install' or update your CocoaPods installation.\" >&2\n    exit 1\nfi\n# This output is used by Xcode 'outputs' to avoid re-running this script phase.\necho \"SUCCESS\" > \"${SCRIPT_OUTPUT_FILE_0}\"\n";
			showEnvVarsInLog = 0;
		};
/* End PBXShellScriptBuildPhase section */

/* Begin PBXSourcesBuildPhase section */
		50A9ED8F2689A38100F321F1 /* Sources */ = {
			isa = PBXSourcesBuildPhase;
			buildActionMask = 2147483647;
			files = (
				50A9ED9B2689A38100F321F1 /* ViewController.swift in Sources */,
				50A9ED972689A38100F321F1 /* AppDelegate.swift in Sources */,
				50A9ED992689A38100F321F1 /* SceneDelegate.swift in Sources */,
			);
			runOnlyForDeploymentPostprocessing = 0;
		};
		50A9EDA52689A38500F321F1 /* Sources */ = {
			isa = PBXSourcesBuildPhase;
			buildActionMask = 2147483647;
			files = (
				50A9EDAE2689A38500F321F1 /* Weather_AppTests.swift in Sources */,
			);
			runOnlyForDeploymentPostprocessing = 0;
		};
		50A9EDB02689A38500F321F1 /* Sources */ = {
			isa = PBXSourcesBuildPhase;
			buildActionMask = 2147483647;
			files = (
				50A9EDB92689A38500F321F1 /* Weather_AppUITests.swift in Sources */,
			);
			runOnlyForDeploymentPostprocessing = 0;
		};
/* End PBXSourcesBuildPhase section */

/* Begin PBXTargetDependency section */
		50A9EDAB2689A38500F321F1 /* PBXTargetDependency */ = {
			isa = PBXTargetDependency;
			target = 50A9ED922689A38100F321F1 /* Weather-App */;
			targetProxy = 50A9EDAA2689A38500F321F1 /* PBXContainerItemProxy */;
		};
		50A9EDB62689A38500F321F1 /* PBXTargetDependency */ = {
			isa = PBXTargetDependency;
			target = 50A9ED922689A38100F321F1 /* Weather-App */;
			targetProxy = 50A9EDB52689A38500F321F1 /* PBXContainerItemProxy */;
		};
/* End PBXTargetDependency section */

/* Begin PBXVariantGroup section */
		50A9ED9C2689A38100F321F1 /* Main.storyboard */ = {
			isa = PBXVariantGroup;
			children = (
				50A9ED9D2689A38100F321F1 /* Base */,
			);
			name = Main.storyboard;
			sourceTree = "<group>";
		};
		50A9EDA12689A38500F321F1 /* LaunchScreen.storyboard */ = {
			isa = PBXVariantGroup;
			children = (
				50A9EDA22689A38500F321F1 /* Base */,
			);
			name = LaunchScreen.storyboard;
			sourceTree = "<group>";
		};
/* End PBXVariantGroup section */

/* Begin XCBuildConfiguration section */
		50A9EDBB2689A38500F321F1 /* Debug */ = {
			isa = XCBuildConfiguration;
			buildSettings = {
				ALWAYS_SEARCH_USER_PATHS = NO;
				CLANG_ANALYZER_NONNULL = YES;
				CLANG_ANALYZER_NUMBER_OBJECT_CONVERSION = YES_AGGRESSIVE;
				CLANG_CXX_LANGUAGE_STANDARD = "gnu++14";
				CLANG_CXX_LIBRARY = "libc++";
				CLANG_ENABLE_MODULES = YES;
				CLANG_ENABLE_OBJC_ARC = YES;
				CLANG_ENABLE_OBJC_WEAK = YES;
				CLANG_WARN_BLOCK_CAPTURE_AUTORELEASING = YES;
				CLANG_WARN_BOOL_CONVERSION = YES;
				CLANG_WARN_COMMA = YES;
				CLANG_WARN_CONSTANT_CONVERSION = YES;
				CLANG_WARN_DEPRECATED_OBJC_IMPLEMENTATIONS = YES;
				CLANG_WARN_DIRECT_OBJC_ISA_USAGE = YES_ERROR;
				CLANG_WARN_DOCUMENTATION_COMMENTS = YES;
				CLANG_WARN_EMPTY_BODY = YES;
				CLANG_WARN_ENUM_CONVERSION = YES;
				CLANG_WARN_INFINITE_RECURSION = YES;
				CLANG_WARN_INT_CONVERSION = YES;
				CLANG_WARN_NON_LITERAL_NULL_CONVERSION = YES;
				CLANG_WARN_OBJC_IMPLICIT_RETAIN_SELF = YES;
				CLANG_WARN_OBJC_LITERAL_CONVERSION = YES;
				CLANG_WARN_OBJC_ROOT_CLASS = YES_ERROR;
				CLANG_WARN_QUOTED_INCLUDE_IN_FRAMEWORK_HEADER = YES;
				CLANG_WARN_RANGE_LOOP_ANALYSIS = YES;
				CLANG_WARN_STRICT_PROTOTYPES = YES;
				CLANG_WARN_SUSPICIOUS_MOVE = YES;
				CLANG_WARN_UNGUARDED_AVAILABILITY = YES_AGGRESSIVE;
				CLANG_WARN_UNREACHABLE_CODE = YES;
				CLANG_WARN__DUPLICATE_METHOD_MATCH = YES;
				COPY_PHASE_STRIP = NO;
				DEBUG_INFORMATION_FORMAT = dwarf;
				ENABLE_STRICT_OBJC_MSGSEND = YES;
				ENABLE_TESTABILITY = YES;
				GCC_C_LANGUAGE_STANDARD = gnu11;
				GCC_DYNAMIC_NO_PIC = NO;
				GCC_NO_COMMON_BLOCKS = YES;
				GCC_OPTIMIZATION_LEVEL = 0;
				GCC_PREPROCESSOR_DEFINITIONS = (
					"DEBUG=1",
					"$(inherited)",
				);
				GCC_WARN_64_TO_32_BIT_CONVERSION = YES;
				GCC_WARN_ABOUT_RETURN_TYPE = YES_ERROR;
				GCC_WARN_UNDECLARED_SELECTOR = YES;
				GCC_WARN_UNINITIALIZED_AUTOS = YES_AGGRESSIVE;
				GCC_WARN_UNUSED_FUNCTION = YES;
				GCC_WARN_UNUSED_VARIABLE = YES;
				IPHONEOS_DEPLOYMENT_TARGET = 14.5;
				MTL_ENABLE_DEBUG_INFO = INCLUDE_SOURCE;
				MTL_FAST_MATH = YES;
				ONLY_ACTIVE_ARCH = YES;
				SDKROOT = iphoneos;
				SWIFT_ACTIVE_COMPILATION_CONDITIONS = DEBUG;
				SWIFT_OPTIMIZATION_LEVEL = "-Onone";
			};
			name = Debug;
		};
		50A9EDBC2689A38500F321F1 /* Release */ = {
			isa = XCBuildConfiguration;
			buildSettings = {
				ALWAYS_SEARCH_USER_PATHS = NO;
				CLANG_ANALYZER_NONNULL = YES;
				CLANG_ANALYZER_NUMBER_OBJECT_CONVERSION = YES_AGGRESSIVE;
				CLANG_CXX_LANGUAGE_STANDARD = "gnu++14";
				CLANG_CXX_LIBRARY = "libc++";
				CLANG_ENABLE_MODULES = YES;
				CLANG_ENABLE_OBJC_ARC = YES;
				CLANG_ENABLE_OBJC_WEAK = YES;
				CLANG_WARN_BLOCK_CAPTURE_AUTORELEASING = YES;
				CLANG_WARN_BOOL_CONVERSION = YES;
				CLANG_WARN_COMMA = YES;
				CLANG_WARN_CONSTANT_CONVERSION = YES;
				CLANG_WARN_DEPRECATED_OBJC_IMPLEMENTATIONS = YES;
				CLANG_WARN_DIRECT_OBJC_ISA_USAGE = YES_ERROR;
				CLANG_WARN_DOCUMENTATION_COMMENTS = YES;
				CLANG_WARN_EMPTY_BODY = YES;
				CLANG_WARN_ENUM_CONVERSION = YES;
				CLANG_WARN_INFINITE_RECURSION = YES;
				CLANG_WARN_INT_CONVERSION = YES;
				CLANG_WARN_NON_LITERAL_NULL_CONVERSION = YES;
				CLANG_WARN_OBJC_IMPLICIT_RETAIN_SELF = YES;
				CLANG_WARN_OBJC_LITERAL_CONVERSION = YES;
				CLANG_WARN_OBJC_ROOT_CLASS = YES_ERROR;
				CLANG_WARN_QUOTED_INCLUDE_IN_FRAMEWORK_HEADER = YES;
				CLANG_WARN_RANGE_LOOP_ANALYSIS = YES;
				CLANG_WARN_STRICT_PROTOTYPES = YES;
				CLANG_WARN_SUSPICIOUS_MOVE = YES;
				CLANG_WARN_UNGUARDED_AVAILABILITY = YES_AGGRESSIVE;
				CLANG_WARN_UNREACHABLE_CODE = YES;
				CLANG_WARN__DUPLICATE_METHOD_MATCH = YES;
				COPY_PHASE_STRIP = NO;
				DEBUG_INFORMATION_FORMAT = "dwarf-with-dsym";
				ENABLE_NS_ASSERTIONS = NO;
				ENABLE_STRICT_OBJC_MSGSEND = YES;
				GCC_C_LANGUAGE_STANDARD = gnu11;
				GCC_NO_COMMON_BLOCKS = YES;
				GCC_WARN_64_TO_32_BIT_CONVERSION = YES;
				GCC_WARN_ABOUT_RETURN_TYPE = YES_ERROR;
				GCC_WARN_UNDECLARED_SELECTOR = YES;
				GCC_WARN_UNINITIALIZED_AUTOS = YES_AGGRESSIVE;
				GCC_WARN_UNUSED_FUNCTION = YES;
				GCC_WARN_UNUSED_VARIABLE = YES;
				IPHONEOS_DEPLOYMENT_TARGET = 14.5;
				MTL_ENABLE_DEBUG_INFO = NO;
				MTL_FAST_MATH = YES;
				SDKROOT = iphoneos;
				SWIFT_COMPILATION_MODE = wholemodule;
				SWIFT_OPTIMIZATION_LEVEL = "-O";
				VALIDATE_PRODUCT = YES;
			};
			name = Release;
		};
		50A9EDBE2689A38500F321F1 /* Debug */ = {
			isa = XCBuildConfiguration;
			baseConfigurationReference = CE57D71A1129EA5CC1A61DEF /* Pods-Weather-App.debug.xcconfig */;
			buildSettings = {
				ASSETCATALOG_COMPILER_APPICON_NAME = AppIcon;
				ASSETCATALOG_COMPILER_GLOBAL_ACCENT_COLOR_NAME = AccentColor;
				CODE_SIGN_STYLE = Automatic;
				INFOPLIST_FILE = "Weather-App/Info.plist";
				LD_RUNPATH_SEARCH_PATHS = (
					"$(inherited)",
					"@executable_path/Frameworks",
				);
				MARKETING_VERSION = 1.0.0;
				PRODUCT_BUNDLE_IDENTIFIER = "com.les1.Weather-App";
				PRODUCT_NAME = "$(TARGET_NAME)";
				SWIFT_VERSION = 5.0;
				TARGETED_DEVICE_FAMILY = "1,2";
			};
			name = Debug;
		};
		50A9EDBF2689A38500F321F1 /* Release */ = {
			isa = XCBuildConfiguration;
			baseConfigurationReference = 198C4F9407B547AA59C17A0C /* Pods-Weather-App.release.xcconfig */;
			buildSettings = {
				ASSETCATALOG_COMPILER_APPICON_NAME = AppIcon;
				ASSETCATALOG_COMPILER_GLOBAL_ACCENT_COLOR_NAME = AccentColor;
				CODE_SIGN_STYLE = Automatic;
				INFOPLIST_FILE = "Weather-App/Info.plist";
				LD_RUNPATH_SEARCH_PATHS = (
					"$(inherited)",
					"@executable_path/Frameworks",
				);
				MARKETING_VERSION = 1.0.0;
				PRODUCT_BUNDLE_IDENTIFIER = "com.les1.Weather-App";
				PRODUCT_NAME = "$(TARGET_NAME)";
				SWIFT_VERSION = 5.0;
				TARGETED_DEVICE_FAMILY = "1,2";
			};
			name = Release;
		};
		50A9EDC12689A38500F321F1 /* Debug */ = {
			isa = XCBuildConfiguration;
			baseConfigurationReference = 41A20675B2106E04E6B6BAF7 /* Pods-Weather-AppTests.debug.xcconfig */;
			buildSettings = {
				ALWAYS_EMBED_SWIFT_STANDARD_LIBRARIES = YES;
				BUNDLE_LOADER = "$(TEST_HOST)";
				CODE_SIGN_STYLE = Automatic;
				INFOPLIST_FILE = "Weather-AppTests/Info.plist";
				IPHONEOS_DEPLOYMENT_TARGET = 14.5;
				LD_RUNPATH_SEARCH_PATHS = (
					"$(inherited)",
					"@executable_path/Frameworks",
					"@loader_path/Frameworks",
				);
				PRODUCT_BUNDLE_IDENTIFIER = "com.les1.Weather-AppTests";
				PRODUCT_NAME = "$(TARGET_NAME)";
				SWIFT_VERSION = 5.0;
				TARGETED_DEVICE_FAMILY = "1,2";
				TEST_HOST = "$(BUILT_PRODUCTS_DIR)/Weather-App.app/Weather-App";
			};
			name = Debug;
		};
		50A9EDC22689A38500F321F1 /* Release */ = {
			isa = XCBuildConfiguration;
			baseConfigurationReference = 980F5BC50155CE793CE1627D /* Pods-Weather-AppTests.release.xcconfig */;
			buildSettings = {
				ALWAYS_EMBED_SWIFT_STANDARD_LIBRARIES = YES;
				BUNDLE_LOADER = "$(TEST_HOST)";
				CODE_SIGN_STYLE = Automatic;
				INFOPLIST_FILE = "Weather-AppTests/Info.plist";
				IPHONEOS_DEPLOYMENT_TARGET = 14.5;
				LD_RUNPATH_SEARCH_PATHS = (
					"$(inherited)",
					"@executable_path/Frameworks",
					"@loader_path/Frameworks",
				);
				PRODUCT_BUNDLE_IDENTIFIER = "com.les1.Weather-AppTests";
				PRODUCT_NAME = "$(TARGET_NAME)";
				SWIFT_VERSION = 5.0;
				TARGETED_DEVICE_FAMILY = "1,2";
				TEST_HOST = "$(BUILT_PRODUCTS_DIR)/Weather-App.app/Weather-App";
			};
			name = Release;
		};
		50A9EDC42689A38500F321F1 /* Debug */ = {
			isa = XCBuildConfiguration;
			baseConfigurationReference = 033B1951111D5A78EE9BD998 /* Pods-Weather-App-Weather-AppUITests.debug.xcconfig */;
			buildSettings = {
				ALWAYS_EMBED_SWIFT_STANDARD_LIBRARIES = YES;
				CODE_SIGN_STYLE = Automatic;
				INFOPLIST_FILE = "Weather-AppUITests/Info.plist";
				LD_RUNPATH_SEARCH_PATHS = (
					"$(inherited)",
					"@executable_path/Frameworks",
					"@loader_path/Frameworks",
				);
				PRODUCT_BUNDLE_IDENTIFIER = "com.les1.Weather-AppUITests";
				PRODUCT_NAME = "$(TARGET_NAME)";
				SWIFT_VERSION = 5.0;
				TARGETED_DEVICE_FAMILY = "1,2";
				TEST_TARGET_NAME = "Weather-App";
			};
			name = Debug;
		};
		50A9EDC52689A38500F321F1 /* Release */ = {
			isa = XCBuildConfiguration;
			baseConfigurationReference = 47B22BC1A423A815106D4B9A /* Pods-Weather-App-Weather-AppUITests.release.xcconfig */;
			buildSettings = {
				ALWAYS_EMBED_SWIFT_STANDARD_LIBRARIES = YES;
				CODE_SIGN_STYLE = Automatic;
				INFOPLIST_FILE = "Weather-AppUITests/Info.plist";
				LD_RUNPATH_SEARCH_PATHS = (
					"$(inherited)",
					"@executable_path/Frameworks",
					"@loader_path/Frameworks",
				);
				PRODUCT_BUNDLE_IDENTIFIER = "com.les1.Weather-AppUITests";
				PRODUCT_NAME = "$(TARGET_NAME)";
				SWIFT_VERSION = 5.0;
				TARGETED_DEVICE_FAMILY = "1,2";
				TEST_TARGET_NAME = "Weather-App";
			};
			name = Release;
		};
/* End XCBuildConfiguration section */

/* Begin XCConfigurationList section */
		50A9ED8E2689A38100F321F1 /* Build configuration list for PBXProject "Weather-App" */ = {
			isa = XCConfigurationList;
			buildConfigurations = (
				50A9EDBB2689A38500F321F1 /* Debug */,
				50A9EDBC2689A38500F321F1 /* Release */,
			);
			defaultConfigurationIsVisible = 0;
			defaultConfigurationName = Release;
		};
		50A9EDBD2689A38500F321F1 /* Build configuration list for PBXNativeTarget "Weather-App" */ = {
			isa = XCConfigurationList;
			buildConfigurations = (
				50A9EDBE2689A38500F321F1 /* Debug */,
				50A9EDBF2689A38500F321F1 /* Release */,
			);
			defaultConfigurationIsVisible = 0;
			defaultConfigurationName = Release;
		};
		50A9EDC02689A38500F321F1 /* Build configuration list for PBXNativeTarget "Weather-AppTests" */ = {
			isa = XCConfigurationList;
			buildConfigurations = (
				50A9EDC12689A38500F321F1 /* Debug */,
				50A9EDC22689A38500F321F1 /* Release */,
			);
			defaultConfigurationIsVisible = 0;
			defaultConfigurationName = Release;
		};
		50A9EDC32689A38500F321F1 /* Build configuration list for PBXNativeTarget "Weather-AppUITests" */ = {
			isa = XCConfigurationList;
			buildConfigurations = (
				50A9EDC42689A38500F321F1 /* Debug */,
				50A9EDC52689A38500F321F1 /* Release */,
			);
			defaultConfigurationIsVisible = 0;
			defaultConfigurationName = Release;
		};
/* End XCConfigurationList section */
	};
	rootObject = 50A9ED8B2689A38100F321F1 /* Project object */;
}
